// !$*UTF8*$!
{
	archiveVersion = 1;
	classes = {
	};
	objectVersion = 56;
	objects = {

/* Begin PBXBuildFile section */
		7E6708E82AD069BF00C60070 /* WorkoutPal Watch App.app in Embed Watch Content */ = {isa = PBXBuildFile; fileRef = 7E6708E72AD069BF00C60070 /* WorkoutPal Watch App.app */; settings = {ATTRIBUTES = (RemoveHeadersOnCopy, ); }; };
		7E6708ED2AD069BF00C60070 /* Worktout_PalsApp.swift in Sources */ = {isa = PBXBuildFile; fileRef = 7E6708EC2AD069BF00C60070 /* Worktout_PalsApp.swift */; };
		7E6708EF2AD069BF00C60070 /* ContentView.swift in Sources */ = {isa = PBXBuildFile; fileRef = 7E6708EE2AD069BF00C60070 /* ContentView.swift */; };
		7E6708F12AD069C000C60070 /* Assets.xcassets in Resources */ = {isa = PBXBuildFile; fileRef = 7E6708F02AD069C000C60070 /* Assets.xcassets */; };
		7E6708F42AD069C000C60070 /* Preview Assets.xcassets in Resources */ = {isa = PBXBuildFile; fileRef = 7E6708F32AD069C000C60070 /* Preview Assets.xcassets */; };
		7E6709052AD06CC400C60070 /* CustomHKWorkoutActivityType.swift in Sources */ = {isa = PBXBuildFile; fileRef = 7E6709042AD06CC400C60070 /* CustomHKWorkoutActivityType.swift */; };
		7E6709072AD06D1500C60070 /* MetricsTimelineSchedule.swift in Sources */ = {isa = PBXBuildFile; fileRef = 7E6709062AD06D1500C60070 /* MetricsTimelineSchedule.swift */; };
		7E6709092AD06D3400C60070 /* NavigationModel.swift in Sources */ = {isa = PBXBuildFile; fileRef = 7E6709082AD06D3400C60070 /* NavigationModel.swift */; };
		7E67090B2AD06D4A00C60070 /* TimerModel.swift in Sources */ = {isa = PBXBuildFile; fileRef = 7E67090A2AD06D4A00C60070 /* TimerModel.swift */; };
		7E67090D2AD06D5E00C60070 /* TimerTimeView.swift in Sources */ = {isa = PBXBuildFile; fileRef = 7E67090C2AD06D5E00C60070 /* TimerTimeView.swift */; };
		7E67090F2AD06D7400C60070 /* ActivityRingView.swift in Sources */ = {isa = PBXBuildFile; fileRef = 7E67090E2AD06D7400C60070 /* ActivityRingView.swift */; };
		7E6709112AD06D9500C60070 /* WorkoutSessionSummaryView.swift in Sources */ = {isa = PBXBuildFile; fileRef = 7E6709102AD06D9500C60070 /* WorkoutSessionSummaryView.swift */; };
		7E6709132AD06DB200C60070 /* SelectWorkoutView.swift in Sources */ = {isa = PBXBuildFile; fileRef = 7E6709122AD06DB200C60070 /* SelectWorkoutView.swift */; };
		7E6709152AD06DC100C60070 /* CustomTimePicker.swift in Sources */ = {isa = PBXBuildFile; fileRef = 7E6709142AD06DC100C60070 /* CustomTimePicker.swift */; };
		7E6709172AD06DD100C60070 /* TimerView.swift in Sources */ = {isa = PBXBuildFile; fileRef = 7E6709162AD06DD100C60070 /* TimerView.swift */; };
		7E6709192AD06DEB00C60070 /* SessionView.swift in Sources */ = {isa = PBXBuildFile; fileRef = 7E6709182AD06DEB00C60070 /* SessionView.swift */; };
		7E67091B2AD06E0700C60070 /* ElapsedTimeView.swift in Sources */ = {isa = PBXBuildFile; fileRef = 7E67091A2AD06E0700C60070 /* ElapsedTimeView.swift */; };
		7E67091D2AD06E9900C60070 /* SessionTabView.swift in Sources */ = {isa = PBXBuildFile; fileRef = 7E67091C2AD06E9900C60070 /* SessionTabView.swift */; };
		7E67091F2AD06EC000C60070 /* HealthKitViewModel.swift in Sources */ = {isa = PBXBuildFile; fileRef = 7E67091E2AD06EC000C60070 /* HealthKitViewModel.swift */; };
		7E6709212AD06EE000C60070 /* WorkoutsViewModel.swift in Sources */ = {isa = PBXBuildFile; fileRef = 7E6709202AD06EE000C60070 /* WorkoutsViewModel.swift */; };
		7E6709232AD06EF600C60070 /* TimerViewModel.swift in Sources */ = {isa = PBXBuildFile; fileRef = 7E6709222AD06EF600C60070 /* TimerViewModel.swift */; };
		7E6709252AD06F9100C60070 /* HKWorkoutActvityTypeExtension.swift in Sources */ = {isa = PBXBuildFile; fileRef = 7E6709242AD06F9100C60070 /* HKWorkoutActvityTypeExtension.swift */; };
/* End PBXBuildFile section */

/* Begin PBXContainerItemProxy section */
		7E6708E92AD069BF00C60070 /* PBXContainerItemProxy */ = {
			isa = PBXContainerItemProxy;
			containerPortal = 7E6708DB2AD069BE00C60070 /* Project object */;
			proxyType = 1;
			remoteGlobalIDString = 7E6708E62AD069BF00C60070;
			remoteInfo = "Worktout Pals Watch App";
		};
/* End PBXContainerItemProxy section */

/* Begin PBXCopyFilesBuildPhase section */
		7E6708FA2AD069C000C60070 /* Embed Watch Content */ = {
			isa = PBXCopyFilesBuildPhase;
			buildActionMask = 2147483647;
			dstPath = "$(CONTENTS_FOLDER_PATH)/Watch";
			dstSubfolderSpec = 16;
			files = (
				7E6708E82AD069BF00C60070 /* WorkoutPal Watch App.app in Embed Watch Content */,
			);
			name = "Embed Watch Content";
			runOnlyForDeploymentPostprocessing = 0;
		};
/* End PBXCopyFilesBuildPhase section */

/* Begin PBXFileReference section */
		7E6708E12AD069BF00C60070 /* WorkoutPal.app */ = {isa = PBXFileReference; explicitFileType = wrapper.application; includeInIndex = 0; path = WorkoutPal.app; sourceTree = BUILT_PRODUCTS_DIR; };
		7E6708E72AD069BF00C60070 /* WorkoutPal Watch App.app */ = {isa = PBXFileReference; explicitFileType = wrapper.application; includeInIndex = 0; path = "WorkoutPal Watch App.app"; sourceTree = BUILT_PRODUCTS_DIR; };
		7E6708EC2AD069BF00C60070 /* Worktout_PalsApp.swift */ = {isa = PBXFileReference; lastKnownFileType = sourcecode.swift; path = Worktout_PalsApp.swift; sourceTree = "<group>"; };
		7E6708EE2AD069BF00C60070 /* ContentView.swift */ = {isa = PBXFileReference; lastKnownFileType = sourcecode.swift; path = ContentView.swift; sourceTree = "<group>"; };
		7E6708F02AD069C000C60070 /* Assets.xcassets */ = {isa = PBXFileReference; lastKnownFileType = folder.assetcatalog; path = Assets.xcassets; sourceTree = "<group>"; };
		7E6708F32AD069C000C60070 /* Preview Assets.xcassets */ = {isa = PBXFileReference; lastKnownFileType = folder.assetcatalog; path = "Preview Assets.xcassets"; sourceTree = "<group>"; };
		7E6708FE2AD06C3500C60070 /* WorkoutPal Watch App.entitlements */ = {isa = PBXFileReference; lastKnownFileType = text.plist.entitlements; path = "WorkoutPal Watch App.entitlements"; sourceTree = "<group>"; };
		7E6709042AD06CC400C60070 /* CustomHKWorkoutActivityType.swift */ = {isa = PBXFileReference; lastKnownFileType = sourcecode.swift; path = CustomHKWorkoutActivityType.swift; sourceTree = "<group>"; };
		7E6709062AD06D1500C60070 /* MetricsTimelineSchedule.swift */ = {isa = PBXFileReference; lastKnownFileType = sourcecode.swift; path = MetricsTimelineSchedule.swift; sourceTree = "<group>"; };
		7E6709082AD06D3400C60070 /* NavigationModel.swift */ = {isa = PBXFileReference; lastKnownFileType = sourcecode.swift; path = NavigationModel.swift; sourceTree = "<group>"; };
		7E67090A2AD06D4A00C60070 /* TimerModel.swift */ = {isa = PBXFileReference; lastKnownFileType = sourcecode.swift; path = TimerModel.swift; sourceTree = "<group>"; };
		7E67090C2AD06D5E00C60070 /* TimerTimeView.swift */ = {isa = PBXFileReference; lastKnownFileType = sourcecode.swift; path = TimerTimeView.swift; sourceTree = "<group>"; };
		7E67090E2AD06D7400C60070 /* ActivityRingView.swift */ = {isa = PBXFileReference; lastKnownFileType = sourcecode.swift; path = ActivityRingView.swift; sourceTree = "<group>"; };
		7E6709102AD06D9500C60070 /* WorkoutSessionSummaryView.swift */ = {isa = PBXFileReference; lastKnownFileType = sourcecode.swift; path = WorkoutSessionSummaryView.swift; sourceTree = "<group>"; };
		7E6709122AD06DB200C60070 /* SelectWorkoutView.swift */ = {isa = PBXFileReference; lastKnownFileType = sourcecode.swift; path = SelectWorkoutView.swift; sourceTree = "<group>"; };
		7E6709142AD06DC100C60070 /* CustomTimePicker.swift */ = {isa = PBXFileReference; lastKnownFileType = sourcecode.swift; path = CustomTimePicker.swift; sourceTree = "<group>"; };
		7E6709162AD06DD100C60070 /* TimerView.swift */ = {isa = PBXFileReference; lastKnownFileType = sourcecode.swift; path = TimerView.swift; sourceTree = "<group>"; };
		7E6709182AD06DEB00C60070 /* SessionView.swift */ = {isa = PBXFileReference; lastKnownFileType = sourcecode.swift; path = SessionView.swift; sourceTree = "<group>"; };
		7E67091A2AD06E0700C60070 /* ElapsedTimeView.swift */ = {isa = PBXFileReference; lastKnownFileType = sourcecode.swift; path = ElapsedTimeView.swift; sourceTree = "<group>"; };
		7E67091C2AD06E9900C60070 /* SessionTabView.swift */ = {isa = PBXFileReference; lastKnownFileType = sourcecode.swift; path = SessionTabView.swift; sourceTree = "<group>"; };
		7E67091E2AD06EC000C60070 /* HealthKitViewModel.swift */ = {isa = PBXFileReference; lastKnownFileType = sourcecode.swift; path = HealthKitViewModel.swift; sourceTree = "<group>"; };
		7E6709202AD06EE000C60070 /* WorkoutsViewModel.swift */ = {isa = PBXFileReference; lastKnownFileType = sourcecode.swift; path = WorkoutsViewModel.swift; sourceTree = "<group>"; };
		7E6709222AD06EF600C60070 /* TimerViewModel.swift */ = {isa = PBXFileReference; lastKnownFileType = sourcecode.swift; path = TimerViewModel.swift; sourceTree = "<group>"; };
		7E6709242AD06F9100C60070 /* HKWorkoutActvityTypeExtension.swift */ = {isa = PBXFileReference; lastKnownFileType = sourcecode.swift; path = HKWorkoutActvityTypeExtension.swift; sourceTree = "<group>"; };
		7E6709262AD071CF00C60070 /* WorkoutPal-Watch-App-Info.plist */ = {isa = PBXFileReference; lastKnownFileType = text.plist.xml; path = "WorkoutPal-Watch-App-Info.plist"; sourceTree = SOURCE_ROOT; };
/* End PBXFileReference section */

/* Begin PBXFrameworksBuildPhase section */
		7E6708E42AD069BF00C60070 /* Frameworks */ = {
			isa = PBXFrameworksBuildPhase;
			buildActionMask = 2147483647;
			files = (
			);
			runOnlyForDeploymentPostprocessing = 0;
		};
/* End PBXFrameworksBuildPhase section */

/* Begin PBXGroup section */
		7E6708DA2AD069BE00C60070 = {
			isa = PBXGroup;
			children = (
				7E6709032AD06C7F00C60070 /* Helpers */,
				7E6709022AD06C7500C60070 /* Extensions */,
				7E6709012AD06C6D00C60070 /* Model */,
				7E6709002AD06C6400C60070 /* View */,
				7E6708FF2AD06C5300C60070 /* ViewModel */,
				7E6708EB2AD069BF00C60070 /* WorkoutPal Watch App */,
				7E6708E22AD069BF00C60070 /* Products */,
			);
			sourceTree = "<group>";
		};
		7E6708E22AD069BF00C60070 /* Products */ = {
			isa = PBXGroup;
			children = (
				7E6708E12AD069BF00C60070 /* WorkoutPal.app */,
				7E6708E72AD069BF00C60070 /* WorkoutPal Watch App.app */,
			);
			name = Products;
			sourceTree = "<group>";
		};
		7E6708EB2AD069BF00C60070 /* WorkoutPal Watch App */ = {
			isa = PBXGroup;
			children = (
				7E6709262AD071CF00C60070 /* WorkoutPal-Watch-App-Info.plist */,
				7E6708FE2AD06C3500C60070 /* WorkoutPal Watch App.entitlements */,
				7E6708EC2AD069BF00C60070 /* Worktout_PalsApp.swift */,
				7E6708EE2AD069BF00C60070 /* ContentView.swift */,
				7E6708F02AD069C000C60070 /* Assets.xcassets */,
				7E6708F22AD069C000C60070 /* Preview Content */,
			);
			path = "WorkoutPal Watch App";
			sourceTree = "<group>";
		};
		7E6708F22AD069C000C60070 /* Preview Content */ = {
			isa = PBXGroup;
			children = (
				7E6708F32AD069C000C60070 /* Preview Assets.xcassets */,
			);
			path = "Preview Content";
			sourceTree = "<group>";
		};
		7E6708FF2AD06C5300C60070 /* ViewModel */ = {
			isa = PBXGroup;
			children = (
				7E67091E2AD06EC000C60070 /* HealthKitViewModel.swift */,
				7E6709202AD06EE000C60070 /* WorkoutsViewModel.swift */,
				7E6709222AD06EF600C60070 /* TimerViewModel.swift */,
			);
			path = ViewModel;
			sourceTree = "<group>";
		};
		7E6709002AD06C6400C60070 /* View */ = {
			isa = PBXGroup;
			children = (
				7E67090C2AD06D5E00C60070 /* TimerTimeView.swift */,
				7E67090E2AD06D7400C60070 /* ActivityRingView.swift */,
				7E6709102AD06D9500C60070 /* WorkoutSessionSummaryView.swift */,
				7E6709122AD06DB200C60070 /* SelectWorkoutView.swift */,
				7E6709142AD06DC100C60070 /* CustomTimePicker.swift */,
				7E6709162AD06DD100C60070 /* TimerView.swift */,
				7E6709182AD06DEB00C60070 /* SessionView.swift */,
				7E67091A2AD06E0700C60070 /* ElapsedTimeView.swift */,
				7E67091C2AD06E9900C60070 /* SessionTabView.swift */,
			);
			path = View;
			sourceTree = "<group>";
		};
		7E6709012AD06C6D00C60070 /* Model */ = {
			isa = PBXGroup;
			children = (
				7E6709082AD06D3400C60070 /* NavigationModel.swift */,
				7E67090A2AD06D4A00C60070 /* TimerModel.swift */,
			);
			path = Model;
			sourceTree = "<group>";
		};
		7E6709022AD06C7500C60070 /* Extensions */ = {
			isa = PBXGroup;
			children = (
				7E6709242AD06F9100C60070 /* HKWorkoutActvityTypeExtension.swift */,
			);
			path = Extensions;
			sourceTree = "<group>";
		};
		7E6709032AD06C7F00C60070 /* Helpers */ = {
			isa = PBXGroup;
			children = (
				7E6709042AD06CC400C60070 /* CustomHKWorkoutActivityType.swift */,
				7E6709062AD06D1500C60070 /* MetricsTimelineSchedule.swift */,
			);
			path = Helpers;
			sourceTree = "<group>";
		};
/* End PBXGroup section */

/* Begin PBXNativeTarget section */
		7E6708E02AD069BF00C60070 /* WorkoutPal */ = {
			isa = PBXNativeTarget;
			buildConfigurationList = 7E6708FB2AD069C000C60070 /* Build configuration list for PBXNativeTarget "WorkoutPal" */;
			buildPhases = (
				7E6708DF2AD069BF00C60070 /* Resources */,
				7E6708FA2AD069C000C60070 /* Embed Watch Content */,
			);
			buildRules = (
			);
			dependencies = (
				7E6708EA2AD069BF00C60070 /* PBXTargetDependency */,
			);
			name = WorkoutPal;
			productName = "Worktout Pals";
			productReference = 7E6708E12AD069BF00C60070 /* WorkoutPal.app */;
			productType = "com.apple.product-type.application.watchapp2-container";
		};
		7E6708E62AD069BF00C60070 /* WorkoutPal Watch App */ = {
			isa = PBXNativeTarget;
			buildConfigurationList = 7E6708F72AD069C000C60070 /* Build configuration list for PBXNativeTarget "WorkoutPal Watch App" */;
			buildPhases = (
				7E6708E32AD069BF00C60070 /* Sources */,
				7E6708E42AD069BF00C60070 /* Frameworks */,
				7E6708E52AD069BF00C60070 /* Resources */,
			);
			buildRules = (
			);
			dependencies = (
			);
			name = "WorkoutPal Watch App";
			productName = "Worktout Pals Watch App";
			productReference = 7E6708E72AD069BF00C60070 /* WorkoutPal Watch App.app */;
			productType = "com.apple.product-type.application";
		};
/* End PBXNativeTarget section */

/* Begin PBXProject section */
		7E6708DB2AD069BE00C60070 /* Project object */ = {
			isa = PBXProject;
			attributes = {
				BuildIndependentTargetsInParallel = 1;
				LastSwiftUpdateCheck = 1500;
				LastUpgradeCheck = 1500;
				TargetAttributes = {
					7E6708E02AD069BF00C60070 = {
						CreatedOnToolsVersion = 15.0;
					};
					7E6708E62AD069BF00C60070 = {
						CreatedOnToolsVersion = 15.0;
					};
				};
			};
			buildConfigurationList = 7E6708DE2AD069BE00C60070 /* Build configuration list for PBXProject "WorkoutPal" */;
			compatibilityVersion = "Xcode 14.0";
			developmentRegion = en;
			hasScannedForEncodings = 0;
			knownRegions = (
				en,
				Base,
			);
			mainGroup = 7E6708DA2AD069BE00C60070;
			productRefGroup = 7E6708E22AD069BF00C60070 /* Products */;
			projectDirPath = "";
			projectRoot = "";
			targets = (
				7E6708E02AD069BF00C60070 /* WorkoutPal */,
				7E6708E62AD069BF00C60070 /* WorkoutPal Watch App */,
			);
		};
/* End PBXProject section */

/* Begin PBXResourcesBuildPhase section */
		7E6708DF2AD069BF00C60070 /* Resources */ = {
			isa = PBXResourcesBuildPhase;
			buildActionMask = 2147483647;
			files = (
			);
			runOnlyForDeploymentPostprocessing = 0;
		};
		7E6708E52AD069BF00C60070 /* Resources */ = {
			isa = PBXResourcesBuildPhase;
			buildActionMask = 2147483647;
			files = (
				7E6708F42AD069C000C60070 /* Preview Assets.xcassets in Resources */,
				7E6708F12AD069C000C60070 /* Assets.xcassets in Resources */,
			);
			runOnlyForDeploymentPostprocessing = 0;
		};
/* End PBXResourcesBuildPhase section */

/* Begin PBXSourcesBuildPhase section */
		7E6708E32AD069BF00C60070 /* Sources */ = {
			isa = PBXSourcesBuildPhase;
			buildActionMask = 2147483647;
			files = (
				7E6708EF2AD069BF00C60070 /* ContentView.swift in Sources */,
				7E6709152AD06DC100C60070 /* CustomTimePicker.swift in Sources */,
				7E6709252AD06F9100C60070 /* HKWorkoutActvityTypeExtension.swift in Sources */,
				7E67090F2AD06D7400C60070 /* ActivityRingView.swift in Sources */,
				7E6709132AD06DB200C60070 /* SelectWorkoutView.swift in Sources */,
				7E6708ED2AD069BF00C60070 /* Worktout_PalsApp.swift in Sources */,
				7E67090D2AD06D5E00C60070 /* TimerTimeView.swift in Sources */,
				7E6709212AD06EE000C60070 /* WorkoutsViewModel.swift in Sources */,
				7E6709192AD06DEB00C60070 /* SessionView.swift in Sources */,
				7E6709172AD06DD100C60070 /* TimerView.swift in Sources */,
				7E67091D2AD06E9900C60070 /* SessionTabView.swift in Sources */,
				7E6709232AD06EF600C60070 /* TimerViewModel.swift in Sources */,
				7E67091B2AD06E0700C60070 /* ElapsedTimeView.swift in Sources */,
				7E6709092AD06D3400C60070 /* NavigationModel.swift in Sources */,
				7E67090B2AD06D4A00C60070 /* TimerModel.swift in Sources */,
				7E6709052AD06CC400C60070 /* CustomHKWorkoutActivityType.swift in Sources */,
				7E67091F2AD06EC000C60070 /* HealthKitViewModel.swift in Sources */,
				7E6709072AD06D1500C60070 /* MetricsTimelineSchedule.swift in Sources */,
				7E6709112AD06D9500C60070 /* WorkoutSessionSummaryView.swift in Sources */,
			);
			runOnlyForDeploymentPostprocessing = 0;
		};
/* End PBXSourcesBuildPhase section */

/* Begin PBXTargetDependency section */
		7E6708EA2AD069BF00C60070 /* PBXTargetDependency */ = {
			isa = PBXTargetDependency;
			target = 7E6708E62AD069BF00C60070 /* WorkoutPal Watch App */;
			targetProxy = 7E6708E92AD069BF00C60070 /* PBXContainerItemProxy */;
		};
/* End PBXTargetDependency section */

/* Begin XCBuildConfiguration section */
		7E6708F52AD069C000C60070 /* Debug */ = {
			isa = XCBuildConfiguration;
			buildSettings = {
				ALWAYS_SEARCH_USER_PATHS = NO;
				ASSETCATALOG_COMPILER_GENERATE_SWIFT_ASSET_SYMBOL_EXTENSIONS = YES;
				CLANG_ANALYZER_NONNULL = YES;
				CLANG_ANALYZER_NUMBER_OBJECT_CONVERSION = YES_AGGRESSIVE;
				CLANG_CXX_LANGUAGE_STANDARD = "gnu++20";
				CLANG_ENABLE_MODULES = YES;
				CLANG_ENABLE_OBJC_ARC = YES;
				CLANG_ENABLE_OBJC_WEAK = YES;
				CLANG_WARN_BLOCK_CAPTURE_AUTORELEASING = YES;
				CLANG_WARN_BOOL_CONVERSION = YES;
				CLANG_WARN_COMMA = YES;
				CLANG_WARN_CONSTANT_CONVERSION = YES;
				CLANG_WARN_DEPRECATED_OBJC_IMPLEMENTATIONS = YES;
				CLANG_WARN_DIRECT_OBJC_ISA_USAGE = YES_ERROR;
				CLANG_WARN_DOCUMENTATION_COMMENTS = YES;
				CLANG_WARN_EMPTY_BODY = YES;
				CLANG_WARN_ENUM_CONVERSION = YES;
				CLANG_WARN_INFINITE_RECURSION = YES;
				CLANG_WARN_INT_CONVERSION = YES;
				CLANG_WARN_NON_LITERAL_NULL_CONVERSION = YES;
				CLANG_WARN_OBJC_IMPLICIT_RETAIN_SELF = YES;
				CLANG_WARN_OBJC_LITERAL_CONVERSION = YES;
				CLANG_WARN_OBJC_ROOT_CLASS = YES_ERROR;
				CLANG_WARN_QUOTED_INCLUDE_IN_FRAMEWORK_HEADER = YES;
				CLANG_WARN_RANGE_LOOP_ANALYSIS = YES;
				CLANG_WARN_STRICT_PROTOTYPES = YES;
				CLANG_WARN_SUSPICIOUS_MOVE = YES;
				CLANG_WARN_UNGUARDED_AVAILABILITY = YES_AGGRESSIVE;
				CLANG_WARN_UNREACHABLE_CODE = YES;
				CLANG_WARN__DUPLICATE_METHOD_MATCH = YES;
				COPY_PHASE_STRIP = NO;
				DEBUG_INFORMATION_FORMAT = dwarf;
				ENABLE_STRICT_OBJC_MSGSEND = YES;
				ENABLE_TESTABILITY = YES;
				ENABLE_USER_SCRIPT_SANDBOXING = YES;
				GCC_C_LANGUAGE_STANDARD = gnu17;
				GCC_DYNAMIC_NO_PIC = NO;
				GCC_NO_COMMON_BLOCKS = YES;
				GCC_OPTIMIZATION_LEVEL = 0;
				GCC_PREPROCESSOR_DEFINITIONS = (
					"DEBUG=1",
					"$(inherited)",
				);
				GCC_WARN_64_TO_32_BIT_CONVERSION = YES;
				GCC_WARN_ABOUT_RETURN_TYPE = YES_ERROR;
				GCC_WARN_UNDECLARED_SELECTOR = YES;
				GCC_WARN_UNINITIALIZED_AUTOS = YES_AGGRESSIVE;
				GCC_WARN_UNUSED_FUNCTION = YES;
				GCC_WARN_UNUSED_VARIABLE = YES;
				LOCALIZATION_PREFERS_STRING_CATALOGS = YES;
				MTL_ENABLE_DEBUG_INFO = INCLUDE_SOURCE;
				MTL_FAST_MATH = YES;
				ONLY_ACTIVE_ARCH = YES;
				SWIFT_ACTIVE_COMPILATION_CONDITIONS = "DEBUG $(inherited)";
				SWIFT_OPTIMIZATION_LEVEL = "-Onone";
			};
			name = Debug;
		};
		7E6708F62AD069C000C60070 /* Release */ = {
			isa = XCBuildConfiguration;
			buildSettings = {
				ALWAYS_SEARCH_USER_PATHS = NO;
				ASSETCATALOG_COMPILER_GENERATE_SWIFT_ASSET_SYMBOL_EXTENSIONS = YES;
				CLANG_ANALYZER_NONNULL = YES;
				CLANG_ANALYZER_NUMBER_OBJECT_CONVERSION = YES_AGGRESSIVE;
				CLANG_CXX_LANGUAGE_STANDARD = "gnu++20";
				CLANG_ENABLE_MODULES = YES;
				CLANG_ENABLE_OBJC_ARC = YES;
				CLANG_ENABLE_OBJC_WEAK = YES;
				CLANG_WARN_BLOCK_CAPTURE_AUTORELEASING = YES;
				CLANG_WARN_BOOL_CONVERSION = YES;
				CLANG_WARN_COMMA = YES;
				CLANG_WARN_CONSTANT_CONVERSION = YES;
				CLANG_WARN_DEPRECATED_OBJC_IMPLEMENTATIONS = YES;
				CLANG_WARN_DIRECT_OBJC_ISA_USAGE = YES_ERROR;
				CLANG_WARN_DOCUMENTATION_COMMENTS = YES;
				CLANG_WARN_EMPTY_BODY = YES;
				CLANG_WARN_ENUM_CONVERSION = YES;
				CLANG_WARN_INFINITE_RECURSION = YES;
				CLANG_WARN_INT_CONVERSION = YES;
				CLANG_WARN_NON_LITERAL_NULL_CONVERSION = YES;
				CLANG_WARN_OBJC_IMPLICIT_RETAIN_SELF = YES;
				CLANG_WARN_OBJC_LITERAL_CONVERSION = YES;
				CLANG_WARN_OBJC_ROOT_CLASS = YES_ERROR;
				CLANG_WARN_QUOTED_INCLUDE_IN_FRAMEWORK_HEADER = YES;
				CLANG_WARN_RANGE_LOOP_ANALYSIS = YES;
				CLANG_WARN_STRICT_PROTOTYPES = YES;
				CLANG_WARN_SUSPICIOUS_MOVE = YES;
				CLANG_WARN_UNGUARDED_AVAILABILITY = YES_AGGRESSIVE;
				CLANG_WARN_UNREACHABLE_CODE = YES;
				CLANG_WARN__DUPLICATE_METHOD_MATCH = YES;
				COPY_PHASE_STRIP = NO;
				DEBUG_INFORMATION_FORMAT = "dwarf-with-dsym";
				ENABLE_NS_ASSERTIONS = NO;
				ENABLE_STRICT_OBJC_MSGSEND = YES;
				ENABLE_USER_SCRIPT_SANDBOXING = YES;
				GCC_C_LANGUAGE_STANDARD = gnu17;
				GCC_NO_COMMON_BLOCKS = YES;
				GCC_WARN_64_TO_32_BIT_CONVERSION = YES;
				GCC_WARN_ABOUT_RETURN_TYPE = YES_ERROR;
				GCC_WARN_UNDECLARED_SELECTOR = YES;
				GCC_WARN_UNINITIALIZED_AUTOS = YES_AGGRESSIVE;
				GCC_WARN_UNUSED_FUNCTION = YES;
				GCC_WARN_UNUSED_VARIABLE = YES;
				LOCALIZATION_PREFERS_STRING_CATALOGS = YES;
				MTL_ENABLE_DEBUG_INFO = NO;
				MTL_FAST_MATH = YES;
				SWIFT_COMPILATION_MODE = wholemodule;
			};
			name = Release;
		};
		7E6708F82AD069C000C60070 /* Debug */ = {
			isa = XCBuildConfiguration;
			buildSettings = {
				ASSETCATALOG_COMPILER_APPICON_NAME = AppIcon;
				ASSETCATALOG_COMPILER_GLOBAL_ACCENT_COLOR_NAME = AccentColor;
				CODE_SIGN_ENTITLEMENTS = "WorkoutPal Watch App/WorkoutPal Watch App.entitlements";
				CODE_SIGN_IDENTITY = "Apple Development";
				CODE_SIGN_STYLE = Automatic;
				CURRENT_PROJECT_VERSION = 1;
				DEVELOPMENT_ASSET_PATHS = "\"WorkoutPal Watch App/Preview Content\"";
				DEVELOPMENT_TEAM = DJA8943T8Z;
				ENABLE_PREVIEWS = YES;
				GENERATE_INFOPLIST_FILE = YES;
				INFOPLIST_FILE = "WorkoutPal-Watch-App-Info.plist";
				INFOPLIST_KEY_CFBundleDisplayName = "Worktout Pals";
				INFOPLIST_KEY_NSHealthShareUsageDescription = "Used to display real-time data from HealthKit";
				INFOPLIST_KEY_NSHealthUpdateUsageDescription = "Used to add Workouts to HealthKit";
				INFOPLIST_KEY_UISupportedInterfaceOrientations = "UIInterfaceOrientationPortrait UIInterfaceOrientationPortraitUpsideDown";
				INFOPLIST_KEY_WKWatchOnly = YES;
				LD_RUNPATH_SEARCH_PATHS = (
					"$(inherited)",
					"@executable_path/Frameworks",
				);
				MARKETING_VERSION = 1.0;
				PRODUCT_BUNDLE_IDENTIFIER = com.ferlara.WorkoutPal.watchkitapp;
				PRODUCT_NAME = "$(TARGET_NAME)";
				PROVISIONING_PROFILE_SPECIFIER = "";
				SDKROOT = watchos;
				SKIP_INSTALL = YES;
				SWIFT_EMIT_LOC_STRINGS = YES;
				SWIFT_VERSION = 5.0;
				TARGETED_DEVICE_FAMILY = 4;
				WATCHOS_DEPLOYMENT_TARGET = 10.0;
			};
			name = Debug;
		};
		7E6708F92AD069C000C60070 /* Release */ = {
			isa = XCBuildConfiguration;
			buildSettings = {
				ASSETCATALOG_COMPILER_APPICON_NAME = AppIcon;
				ASSETCATALOG_COMPILER_GLOBAL_ACCENT_COLOR_NAME = AccentColor;
				CODE_SIGN_ENTITLEMENTS = "WorkoutPal Watch App/WorkoutPal Watch App.entitlements";
				CODE_SIGN_IDENTITY = "Apple Development";
				CODE_SIGN_STYLE = Automatic;
				CURRENT_PROJECT_VERSION = 1;
				DEVELOPMENT_ASSET_PATHS = "\"WorkoutPal Watch App/Preview Content\"";
				DEVELOPMENT_TEAM = DJA8943T8Z;
				ENABLE_PREVIEWS = YES;
				GENERATE_INFOPLIST_FILE = YES;
				INFOPLIST_FILE = "WorkoutPal-Watch-App-Info.plist";
				INFOPLIST_KEY_CFBundleDisplayName = "Worktout Pals";
				INFOPLIST_KEY_NSHealthShareUsageDescription = "Used to display real-time data from HealthKit";
				INFOPLIST_KEY_NSHealthUpdateUsageDescription = "Used to add Workouts to HealthKit";
				INFOPLIST_KEY_UISupportedInterfaceOrientations = "UIInterfaceOrientationPortrait UIInterfaceOrientationPortraitUpsideDown";
				INFOPLIST_KEY_WKWatchOnly = YES;
				LD_RUNPATH_SEARCH_PATHS = (
					"$(inherited)",
					"@executable_path/Frameworks",
				);
				MARKETING_VERSION = 1.0;
				PRODUCT_BUNDLE_IDENTIFIER = com.ferlara.WorkoutPal.watchkitapp;
				PRODUCT_NAME = "$(TARGET_NAME)";
				PROVISIONING_PROFILE_SPECIFIER = "";
				SDKROOT = watchos;
				SKIP_INSTALL = YES;
				SWIFT_EMIT_LOC_STRINGS = YES;
				SWIFT_VERSION = 5.0;
				TARGETED_DEVICE_FAMILY = 4;
				VALIDATE_PRODUCT = YES;
				WATCHOS_DEPLOYMENT_TARGET = 10.0;
			};
			name = Release;
		};
		7E6708FC2AD069C000C60070 /* Debug */ = {
			isa = XCBuildConfiguration;
			buildSettings = {
				ALWAYS_EMBED_SWIFT_STANDARD_LIBRARIES = YES;
				CODE_SIGN_STYLE = Automatic;
				CURRENT_PROJECT_VERSION = 1;
				DEVELOPMENT_TEAM = DJA8943T8Z;
				INFOPLIST_KEY_CFBundleDisplayName = WorkoutPal;
				MARKETING_VERSION = 1.0;
				PRODUCT_BUNDLE_IDENTIFIER = com.ferlara.WorkoutPal;
				PRODUCT_NAME = "$(TARGET_NAME)";
				SDKROOT = iphoneos;
				SWIFT_VERSION = 5.0;
			};
			name = Debug;
		};
		7E6708FD2AD069C000C60070 /* Release */ = {
			isa = XCBuildConfiguration;
			buildSettings = {
				ALWAYS_EMBED_SWIFT_STANDARD_LIBRARIES = YES;
				CODE_SIGN_STYLE = Automatic;
				CURRENT_PROJECT_VERSION = 1;
				DEVELOPMENT_TEAM = DJA8943T8Z;
				INFOPLIST_KEY_CFBundleDisplayName = WorkoutPal;
				MARKETING_VERSION = 1.0;
				PRODUCT_BUNDLE_IDENTIFIER = com.ferlara.WorkoutPal;
				PRODUCT_NAME = "$(TARGET_NAME)";
				SDKROOT = iphoneos;
				SWIFT_VERSION = 5.0;
				VALIDATE_PRODUCT = YES;
			};
			name = Release;
		};
/* End XCBuildConfiguration section */

/* Begin XCConfigurationList section */
		7E6708DE2AD069BE00C60070 /* Build configuration list for PBXProject "WorkoutPal" */ = {
			isa = XCConfigurationList;
			buildConfigurations = (
				7E6708F52AD069C000C60070 /* Debug */,
				7E6708F62AD069C000C60070 /* Release */,
			);
			defaultConfigurationIsVisible = 0;
			defaultConfigurationName = Release;
		};
		7E6708F72AD069C000C60070 /* Build configuration list for PBXNativeTarget "WorkoutPal Watch App" */ = {
			isa = XCConfigurationList;
			buildConfigurations = (
				7E6708F82AD069C000C60070 /* Debug */,
				7E6708F92AD069C000C60070 /* Release */,
			);
			defaultConfigurationIsVisible = 0;
			defaultConfigurationName = Release;
		};
		7E6708FB2AD069C000C60070 /* Build configuration list for PBXNativeTarget "WorkoutPal" */ = {
			isa = XCConfigurationList;
			buildConfigurations = (
				7E6708FC2AD069C000C60070 /* Debug */,
				7E6708FD2AD069C000C60070 /* Release */,
			);
			defaultConfigurationIsVisible = 0;
			defaultConfigurationName = Release;
		};
/* End XCConfigurationList section */
	};
	rootObject = 7E6708DB2AD069BE00C60070 /* Project object */;
}
